
Microsoft Visual Studio Solution File, Format Version 12.00
# Visual Studio Version 17
VisualStudioVersion = 17.10.35004.147
MinimumVisualStudioVersion = 10.0.40219.1
Project("{FAE04EC0-301F-11D3-BF4B-00C04F79EFBC}") = "PathPro", "PathPro\PathPro.csproj", "{35AE38EC-A6BC-45D8-965B-63D212F252EB}"
EndProject
Global
	GlobalSection(SolutionConfigurationPlatforms) = preSolution
		Debug|Any CPU = Debug|Any CPU
		Release|Any CPU = Release|Any CPU
	EndGlobalSection
	GlobalSection(ProjectConfigurationPlatforms) = postSolution
		{35AE38EC-A6BC-45D8-965B-63D212F252EB}.Debug|Any CPU.ActiveCfg = Debug|Any CPU
		{35AE38EC-A6BC-45D8-965B-63D212F252EB}.Debug|Any CPU.Build.0 = Debug|Any CPU
		{35AE38EC-A6BC-45D8-965B-63D212F252EB}.Release|Any CPU.ActiveCfg = Release|Any CPU
		{35AE38EC-A6BC-45D8-965B-63D212F252EB}.Release|Any CPU.Build.0 = Release|Any CPU
	EndGlobalSection
	GlobalSection(SolutionProperties) = preSolution
		HideSolutionNode = FALSE
	EndGlobalSection
	GlobalSection(ExtensibilityGlobals) = postSolution
		SolutionGuid = {B77C21EB-609E-4B12-B308-C8E2C48A458F}
	EndGlobalSection
EndGlobal
